<?xml version="1.0" encoding="utf-8"?>
<Project ToolsVersion="4.0" xmlns="http://schemas.microsoft.com/developer/msbuild/2003">
  <ItemGroup>
    <CudaCompile Include="src\tensor.cu" />
    <CudaCompile Include="src\kernels.cu" />
    <CudaCompile Include="src\linear_layer.cu" />
    <CudaCompile Include="src\main.cu" />
    <CudaCompile Include="src\optimizer.cu" />
    <CudaCompile Include="src\loss.cu" />
    <CudaCompile Include="src\relu.cu" />
    <CudaCompile Include="src\softmax.cu" />
    <CudaCompile Include="src\cross_entropy.cu" />
    <CudaCompile Include="src\sequential.cu" />
    <CudaCompile Include="src\autograd_context.cu" />
    <CudaCompile Include="src\adam.cu" />
    <CudaCompile Include="src\dropout.cu" />
  </ItemGroup>
  <ItemGroup>
    <ClInclude Include="include\tensor.h" />
    <ClInclude Include="include\kernels.h" />
    <ClInclude Include="include\linear_layer.h" />
    <ClInclude Include="include\optimizer.h" />
    <ClInclude Include="include\loss.h" />
    <ClInclude Include="include\ReLU.h" />
    <ClInclude Include="include\softmax.h" />
    <ClInclude Include="include\cross_entropy.h" />
    <ClInclude Include="include\layer.h" />
    <ClInclude Include="include\sequential.h" />
    <ClInclude Include="include\autograd_context.h" />
    <ClInclude Include="include\adam.h" />
    <ClInclude Include="include\dropout.h" />
  </ItemGroup>
</Project>